// !$*UTF8*$!
{
	archiveVersion = 1;
	classes = {
	};
	objectVersion = 77;
	objects = {

/* Begin PBXBuildFile section */
		A10000000000000000000001 /* GoogleMobileAds in Frameworks */ = {isa = PBXBuildFile; productRef = A10000000000000000000003 /* GoogleMobileAds */; };
/* End PBXBuildFile section */

/* Begin PBXContainerItemProxy section */
		4CDC3FED305054A100D21F08 /* PBXContainerItemProxy */ = {
			isa = PBXContainerItemProxy;
			containerPortal = 4CDC3FCB3050549F00D21F08 /* Project object */;
			proxyType = 1;
			remoteGlobalIDString = 4CDC3FD2305054A000D21F08;
			remoteInfo = Polystrike;
		};
		4CDC3FF7305054A100D21F08 /* PBXContainerItemProxy */ = {
			isa = PBXContainerItemProxy;
			containerPortal = 4CDC3FCB3050549F00D21F08 /* Project object */;
			proxyType = 1;
			remoteGlobalIDString = 4CDC3FD2305054A000D21F08;
			remoteInfo = Polystrike;
		};
/* End PBXContainerItemProxy section */

/* Begin PBXFileReference section */
		4CDC3FD3305054A000D21F08 /* Polystrike.app */ = {isa = PBXFileReference; explicitFileType = wrapper.application; includeInIndex = 0; path = Polystrike.app; sourceTree = BUILT_PRODUCTS_DIR; };
		4CDC3FEC305054A100D21F08 /* PolystrikeTests.xctest */ = {isa = PBXFileReference; explicitFileType = wrapper.cfbundle; includeInIndex = 0; path = PolystrikeTests.xctest; sourceTree = BUILT_PRODUCTS_DIR; };
		4CDC3FF6305054A100D21F08 /* PolystrikeUITests.xctest */ = {isa = PBXFileReference; explicitFileType = wrapper.cfbundle; includeInIndex = 0; path = PolystrikeUITests.xctest; sourceTree = BUILT_PRODUCTS_DIR; };
/* End PBXFileReference section */

/* Begin PBXFileSystemSynchronizedBuildFileExceptionSet section */
		A10000000000000000000004 /* Exceptions for "Polystrike" folder in "Polystrike" target */ = {
			isa = PBXFileSystemSynchronizedBuildFileExceptionSet;
			membershipExceptions = (
				Info.plist,
				Polystrike.entitlements,
			);
			target = 4CDC3FD2305054A000D21F08 /* Polystrike */;
		};
/* End PBXFileSystemSynchronizedBuildFileExceptionSet section */

/* Begin PBXFileSystemSynchronizedRootGroup section */
		4CDC3FD5305054A000D21F08 /* Polystrike */ = {
			isa = PBXFileSystemSynchronizedRootGroup;
			exceptions = (
				A10000000000000000000004 /* Exceptions for "Polystrike" folder in "Polystrike" target */,
			);
			path = Polystrike;
			sourceTree = "<group>";
		};
		4CDC3FEF305054A100D21F08 /* PolystrikeTests */ = {
			isa = PBXFileSystemSynchronizedRootGroup;
			path = PolystrikeTests;
			sourceTree = "<group>";
		};
		4CDC3FF9305054A100D21F08 /* PolystrikeUITests */ = {
			isa = PBXFileSystemSynchronizedRootGroup;
			path = PolystrikeUITests;
			sourceTree = "<group>";
		};
/* End PBXFileSystemSynchronizedRootGroup section */

/* Begin PBXFrameworksBuildPhase section */
		4CDC3FD0305054A000D21F08 /* Frameworks */ = {
			isa = PBXFrameworksBuildPhase;
			buildActionMask = 2147483647;
			files = (
				A10000000000000000000001 /* GoogleMobileAds in Frameworks */,
			);
			runOnlyForDeploymentPostprocessing = 0;
		};
		4CDC3FE9305054A100D21F08 /* Frameworks */ = {
			isa = PBXFrameworksBuildPhase;
			buildActionMask = 2147483647;
			files = (
			);
			runOnlyForDeploymentPostprocessing = 0;
		};
		4CDC3FF3305054A100D21F08 /* Frameworks */ = {
			isa = PBXFrameworksBuildPhase;
			buildActionMask = 2147483647;
			files = (
			);
			runOnlyForDeploymentPostprocessing = 0;
		};
/* End PBXFrameworksBuildPhase section */

/* Begin PBXGroup section */
		4CDC3FCA3050549F00D21F08 = {
			isa = PBXGroup;
			children = (
				4CDC3FD5305054A000D21F08 /* Polystrike */,
				4CDC3FEF305054A100D21F08 /* PolystrikeTests */,
				4CDC3FF9305054A100D21F08 /* PolystrikeUITests */,
				4CDC3FD4305054A000D21F08 /* Products */,
			);
			sourceTree = "<group>";
		};
		4CDC3FD4305054A000D21F08 /* Products */ = {
			isa = PBXGroup;
			children = (
				4CDC3FD3305054A000D21F08 /* Polystrike.app */,
				4CDC3FEC305054A100D21F08 /* PolystrikeTests.xctest */,
				4CDC3FF6305054A100D21F08 /* PolystrikeUITests.xctest */,
			);
			name = Products;
			sourceTree = "<group>";
		};
/* End PBXGroup section */

/* Begin PBXNativeTarget section */
		4CDC3FD2305054A000D21F08 /* Polystrike */ = {
			isa = PBXNativeTarget;
			buildConfigurationList = 4CDC4000305054A100D21F08 /* Build configuration list for PBXNativeTarget "Polystrike" */;
			buildPhases = (
				4CDC3FCF305054A000D21F08 /* Sources */,
				4CDC3FD0305054A000D21F08 /* Frameworks */,
				4CDC3FD1305054A000D21F08 /* Resources */,
			);
			buildRules = (
			);
			dependencies = (
			);
			fileSystemSynchronizedGroups = (
				4CDC3FD5305054A000D21F08 /* Polystrike */,
			);
			name = Polystrike;
			packageProductDependencies = (
				A10000000000000000000003 /* GoogleMobileAds */,
			);
			productName = Polystrike;
			productReference = 4CDC3FD3305054A000D21F08 /* Polystrike.app */;
			productType = "com.apple.product-type.application";
		};
		4CDC3FEB305054A100D21F08 /* PolystrikeTests */ = {
			isa = PBXNativeTarget;
			buildConfigurationList = 4CDC4003305054A100D21F08 /* Build configuration list for PBXNativeTarget "PolystrikeTests" */;
			buildPhases = (
				4CDC3FE8305054A100D21F08 /* Sources */,
				4CDC3FE9305054A100D21F08 /* Frameworks */,
				4CDC3FEA305054A100D21F08 /* Resources */,
			);
			buildRules = (
			);
			dependencies = (
				4CDC3FEE305054A100D21F08 /* PBXTargetDependency */,
			);
			fileSystemSynchronizedGroups = (
				4CDC3FEF305054A100D21F08 /* PolystrikeTests */,
			);
			name = PolystrikeTests;
			packageProductDependencies = (
			);
			productName = PolystrikeTests;
			productReference = 4CDC3FEC305054A100D21F08 /* PolystrikeTests.xctest */;
			productType = "com.apple.product-type.bundle.unit-test";
		};
		4CDC3FF5305054A100D21F08 /* PolystrikeUITests */ = {
			isa = PBXNativeTarget;
			buildConfigurationList = 4CDC4006305054A100D21F08 /* Build configuration list for PBXNativeTarget "PolystrikeUITests" */;
			buildPhases = (
				4CDC3FF2305054A100D21F08 /* Sources */,
				4CDC3FF3305054A100D21F08 /* Frameworks */,
				4CDC3FF4305054A100D21F08 /* Resources */,
			);
			buildRules = (
			);
			dependencies = (
				4CDC3FF8305054A100D21F08 /* PBXTargetDependency */,
			);
			fileSystemSynchronizedGroups = (
				4CDC3FF9305054A100D21F08 /* PolystrikeUITests */,
			);
			name = PolystrikeUITests;
			packageProductDependencies = (
			);
			productName = PolystrikeUITests;
			productReference = 4CDC3FF6305054A100D21F08 /* PolystrikeUITests.xctest */;
			productType = "com.apple.product-type.bundle.ui-testing";
		};
/* End PBXNativeTarget section */

/* Begin PBXProject section */
		4CDC3FCB3050549F00D21F08 /* Project object */ = {
			isa = PBXProject;
			attributes = {
				BuildIndependentTargetsInParallel = 1;
				LastSwiftUpdateCheck = 1640;
				LastUpgradeCheck = 1640;
				TargetAttributes = {
					4CDC3FD2305054A000D21F08 = {
						CreatedOnToolsVersion = 16.4;
						SystemCapabilities = {
							com.apple.GameCenter = {
								enabled = 1;
							};
						};
					};
					4CDC3FEB305054A100D21F08 = {
						CreatedOnToolsVersion = 16.4;
						TestTargetID = 4CDC3FD2305054A000D21F08;
					};
					4CDC3FF5305054A100D21F08 = {
						CreatedOnToolsVersion = 16.4;
						TestTargetID = 4CDC3FD2305054A000D21F08;
					};
				};
			};
			buildConfigurationList = 4CDC3FCE3050549F00D21F08 /* Build configuration list for PBXProject "Polystrike" */;
			developmentRegion = en;
			hasScannedForEncodings = 0;
			knownRegions = (
				en,
				Base,
			);
			mainGroup = 4CDC3FCA3050549F00D21F08;
			minimizedProjectReferenceProxies = 1;
			preferredProjectObjectVersion = 77;
			productRefGroup = 4CDC3FD4305054A000D21F08 /* Products */;
			packageReferences = (
				A10000000000000000000002 /* XCRemoteSwiftPackageReference "swift-package-manager-google-mobile-ads" */,
			);
			projectDirPath = "";
			projectRoot = "";
			targets = (
				4CDC3FD2305054A000D21F08 /* Polystrike */,
				4CDC3FEB305054A100D21F08 /* PolystrikeTests */,
				4CDC3FF5305054A100D21F08 /* PolystrikeUITests */,
			);
		};
/* End PBXProject section */

/* Begin PBXResourcesBuildPhase section */
		4CDC3FD1305054A000D21F08 /* Resources */ = {
			isa = PBXResourcesBuildPhase;
			buildActionMask = 2147483647;
			files = (
			);
			runOnlyForDeploymentPostprocessing = 0;
		};
		4CDC3FEA305054A100D21F08 /* Resources */ = {
			isa = PBXResourcesBuildPhase;
			buildActionMask = 2147483647;
			files = (
			);
			runOnlyForDeploymentPostprocessing = 0;
		};
		4CDC3FF4305054A100D21F08 /* Resources */ = {
			isa = PBXResourcesBuildPhase;
			buildActionMask = 2147483647;
			files = (
			);
			runOnlyForDeploymentPostprocessing = 0;
		};
/* End PBXResourcesBuildPhase section */

/* Begin PBXSourcesBuildPhase section */
		4CDC3FCF305054A000D21F08 /* Sources */ = {
			isa = PBXSourcesBuildPhase;
			buildActionMask = 2147483647;
			files = (
			);
			runOnlyForDeploymentPostprocessing = 0;
		};
		4CDC3FE8305054A100D21F08 /* Sources */ = {
			isa = PBXSourcesBuildPhase;
			buildActionMask = 2147483647;
			files = (
			);
			runOnlyForDeploymentPostprocessing = 0;
		};
		4CDC3FF2305054A100D21F08 /* Sources */ = {
			isa = PBXSourcesBuildPhase;
			buildActionMask = 2147483647;
			files = (
			);
			runOnlyForDeploymentPostprocessing = 0;
		};
/* End PBXSourcesBuildPhase section */

/* Begin PBXTargetDependency section */
		4CDC3FEE305054A100D21F08 /* PBXTargetDependency */ = {
			isa = PBXTargetDependency;
			target = 4CDC3FD2305054A000D21F08 /* Polystrike */;
			targetProxy = 4CDC3FED305054A100D21F08 /* PBXContainerItemProxy */;
		};
		4CDC3FF8305054A100D21F08 /* PBXTargetDependency */ = {
			isa = PBXTargetDependency;
			target = 4CDC3FD2305054A000D21F08 /* Polystrike */;
			targetProxy = 4CDC3FF7305054A100D21F08 /* PBXContainerItemProxy */;
		};
/* End PBXTargetDependency section */

/* Begin XCBuildConfiguration section */
		4CDC3FFE305054A100D21F08 /* Debug */ = {
			isa = XCBuildConfiguration;
			buildSettings = {
				ALWAYS_SEARCH_USER_PATHS = NO;
				ASSETCATALOG_COMPILER_GENERATE_SWIFT_ASSET_SYMBOL_EXTENSIONS = YES;
				CLANG_ANALYZER_NONNULL = YES;
				CLANG_ANALYZER_NUMBER_OBJECT_CONVERSION = YES_AGGRESSIVE;
				CLANG_CXX_LANGUAGE_STANDARD = "gnu++20";
				CLANG_ENABLE_MODULES = YES;
				CLANG_ENABLE_OBJC_ARC = YES;
				CLANG_ENABLE_OBJC_WEAK = YES;
				CLANG_WARN_BLOCK_CAPTURE_AUTORELEASING = YES;
				CLANG_WARN_BOOL_CONVERSION = YES;
				CLANG_WARN_COMMA = YES;
				CLANG_WARN_CONSTANT_CONVERSION = YES;
				CLANG_WARN_DEPRECATED_OBJC_IMPLEMENTATIONS = YES;
				CLANG_WARN_DIRECT_OBJC_ISA_USAGE = YES_ERROR;
				CLANG_WARN_DOCUMENTATION_COMMENTS = YES;
				CLANG_WARN_EMPTY_BODY = YES;
				CLANG_WARN_ENUM_CONVERSION = YES;
				CLANG_WARN_INFINITE_RECURSION = YES;
				CLANG_WARN_INT_CONVERSION = YES;
				CLANG_WARN_NON_LITERAL_NULL_CONVERSION = YES;
				CLANG_WARN_OBJC_IMPLICIT_RETAIN_SELF = YES;
				CLANG_WARN_OBJC_LITERAL_CONVERSION = YES;
				CLANG_WARN_OBJC_ROOT_CLASS = YES_ERROR;
				CLANG_WARN_QUOTED_INCLUDE_IN_FRAMEWORK_HEADER = YES;
				CLANG_WARN_RANGE_LOOP_ANALYSIS = YES;
				CLANG_WARN_STRICT_PROTOTYPES = YES;
				CLANG_WARN_SUSPICIOUS_MOVE = YES;
				CLANG_WARN_UNGUARDED_AVAILABILITY = YES_AGGRESSIVE;
				CLANG_WARN_UNREACHABLE_CODE = YES;
				CLANG_WARN__DUPLICATE_METHOD_MATCH = YES;
				COPY_PHASE_STRIP = NO;
				DEBUG_INFORMATION_FORMAT = dwarf;
				ENABLE_STRICT_OBJC_MSGSEND = YES;
				ENABLE_TESTABILITY = YES;
				ENABLE_USER_SCRIPT_SANDBOXING = YES;
				GCC_C_LANGUAGE_STANDARD = gnu17;
				GCC_DYNAMIC_NO_PIC = NO;
				GCC_NO_COMMON_BLOCKS = YES;
				GCC_OPTIMIZATION_LEVEL = 0;
				GCC_PREPROCESSOR_DEFINITIONS = (
					"DEBUG=1",
					"$(inherited)",
				);
				GCC_WARN_64_TO_32_BIT_CONVERSION = YES;
				GCC_WARN_ABOUT_RETURN_TYPE = YES_ERROR;
				GCC_WARN_UNDECLARED_SELECTOR = YES;
				GCC_WARN_UNINITIALIZED_AUTOS = YES_AGGRESSIVE;
				GCC_WARN_UNUSED_FUNCTION = YES;
				GCC_WARN_UNUSED_VARIABLE = YES;
				IPHONEOS_DEPLOYMENT_TARGET = 18.5;
				LOCALIZATION_PREFERS_STRING_CATALOGS = YES;
				MTL_ENABLE_DEBUG_INFO = INCLUDE_SOURCE;
				MTL_FAST_MATH = YES;
				ONLY_ACTIVE_ARCH = YES;
				SDKROOT = iphoneos;
				SWIFT_ACTIVE_COMPILATION_CONDITIONS = "DEBUG $(inherited)";
				SWIFT_OPTIMIZATION_LEVEL = "-Onone";
			};
			name = Debug;
		};
		4CDC3FFF305054A100D21F08 /* Release */ = {
			isa = XCBuildConfiguration;
			buildSettings = {
				ALWAYS_SEARCH_USER_PATHS = NO;
				ASSETCATALOG_COMPILER_GENERATE_SWIFT_ASSET_SYMBOL_EXTENSIONS = YES;
				CLANG_ANALYZER_NONNULL = YES;
				CLANG_ANALYZER_NUMBER_OBJECT_CONVERSION = YES_AGGRESSIVE;
				CLANG_CXX_LANGUAGE_STANDARD = "gnu++20";
				CLANG_ENABLE_MODULES = YES;
				CLANG_ENABLE_OBJC_ARC = YES;
				CLANG_ENABLE_OBJC_WEAK = YES;
				CLANG_WARN_BLOCK_CAPTURE_AUTORELEASING = YES;
				CLANG_WARN_BOOL_CONVERSION = YES;
				CLANG_WARN_COMMA = YES;
				CLANG_WARN_CONSTANT_CONVERSION = YES;
				CLANG_WARN_DEPRECATED_OBJC_IMPLEMENTATIONS = YES;
				CLANG_WARN_DIRECT_OBJC_ISA_USAGE = YES_ERROR;
				CLANG_WARN_DOCUMENTATION_COMMENTS = YES;
				CLANG_WARN_EMPTY_BODY = YES;
				CLANG_WARN_ENUM_CONVERSION = YES;
				CLANG_WARN_INFINITE_RECURSION = YES;
				CLANG_WARN_INT_CONVERSION = YES;
				CLANG_WARN_NON_LITERAL_NULL_CONVERSION = YES;
				CLANG_WARN_OBJC_IMPLICIT_RETAIN_SELF = YES;
				CLANG_WARN_OBJC_LITERAL_CONVERSION = YES;
				CLANG_WARN_OBJC_ROOT_CLASS = YES_ERROR;
				CLANG_WARN_QUOTED_INCLUDE_IN_FRAMEWORK_HEADER = YES;
				CLANG_WARN_RANGE_LOOP_ANALYSIS = YES;
				CLANG_WARN_STRICT_PROTOTYPES = YES;
				CLANG_WARN_SUSPICIOUS_MOVE = YES;
				CLANG_WARN_UNGUARDED_AVAILABILITY = YES_AGGRESSIVE;
				CLANG_WARN_UNREACHABLE_CODE = YES;
				CLANG_WARN__DUPLICATE_METHOD_MATCH = YES;
				COPY_PHASE_STRIP = NO;
				DEBUG_INFORMATION_FORMAT = "dwarf-with-dsym";
				ENABLE_NS_ASSERTIONS = NO;
				ENABLE_STRICT_OBJC_MSGSEND = YES;
				ENABLE_USER_SCRIPT_SANDBOXING = YES;
				GCC_C_LANGUAGE_STANDARD = gnu17;
				GCC_NO_COMMON_BLOCKS = YES;
				GCC_WARN_64_TO_32_BIT_CONVERSION = YES;
				GCC_WARN_ABOUT_RETURN_TYPE = YES_ERROR;
				GCC_WARN_UNDECLARED_SELECTOR = YES;
				GCC_WARN_UNINITIALIZED_AUTOS = YES_AGGRESSIVE;
				GCC_WARN_UNUSED_FUNCTION = YES;
				GCC_WARN_UNUSED_VARIABLE = YES;
				IPHONEOS_DEPLOYMENT_TARGET = 18.5;
				LOCALIZATION_PREFERS_STRING_CATALOGS = YES;
				MTL_ENABLE_DEBUG_INFO = NO;
				MTL_FAST_MATH = YES;
				SDKROOT = iphoneos;
				SWIFT_COMPILATION_MODE = wholemodule;
				VALIDATE_PRODUCT = YES;
			};
			name = Release;
		};
		4CDC4001305054A100D21F08 /* Debug */ = {
			isa = XCBuildConfiguration;
			buildSettings = {
				ASSETCATALOG_COMPILER_APPICON_NAME = AppIcon;
				ASSETCATALOG_COMPILER_GLOBAL_ACCENT_COLOR_NAME = AccentColor;
				CODE_SIGN_STYLE = Automatic;
				CODE_SIGN_ENTITLEMENTS = Polystrike/Polystrike.entitlements;
				CURRENT_PROJECT_VERSION = 1;
				DEVELOPMENT_TEAM = 9U5P59UGTC;
				GENERATE_INFOPLIST_FILE = NO;
				INFOPLIST_FILE = Polystrike/Info.plist;
				INFOPLIST_KEY_CFBundleDisplayName = POLYSTRIKE;
				INFOPLIST_KEY_UIApplicationSupportsIndirectInputEvents = YES;
				INFOPLIST_KEY_UILaunchStoryboardName = LaunchScreen;
				INFOPLIST_KEY_UIMainStoryboardFile = Main;
				INFOPLIST_KEY_UIStatusBarHidden = YES;
				INFOPLIST_KEY_UISupportedInterfaceOrientations = "UIInterfaceOrientationLandscapeLeft UIInterfaceOrientationLandscapeRight";
				INFOPLIST_KEY_UISupportedInterfaceOrientations_iPad = "UIInterfaceOrientationLandscapeLeft UIInterfaceOrientationLandscapeRight UIInterfaceOrientationPortrait UIInterfaceOrientationPortraitUpsideDown";
				LD_RUNPATH_SEARCH_PATHS = (
					"$(inherited)",
					"@executable_path/Frameworks",
				);
				MARKETING_VERSION = 1.0;
				PRODUCT_BUNDLE_IDENTIFIER = evan.com.Polystrike;
				PRODUCT_NAME = "$(TARGET_NAME)";
				SWIFT_EMIT_LOC_STRINGS = YES;
				SWIFT_VERSION = 5.0;
				TARGETED_DEVICE_FAMILY = "1,2";
			};
			name = Debug;
		};
		4CDC4002305054A100D21F08 /* Release */ = {
			isa = XCBuildConfiguration;
			buildSettings = {
				ASSETCATALOG_COMPILER_APPICON_NAME = AppIcon;
				ASSETCATALOG_COMPILER_GLOBAL_ACCENT_COLOR_NAME = AccentColor;
				CODE_SIGN_STYLE = Automatic;
				CODE_SIGN_ENTITLEMENTS = Polystrike/Polystrike.entitlements;
				CURRENT_PROJECT_VERSION = 1;
				DEVELOPMENT_TEAM = 9U5P59UGTC;
				GENERATE_INFOPLIST_FILE = NO;
				INFOPLIST_FILE = Polystrike/Info.plist;
				INFOPLIST_KEY_CFBundleDisplayName = POLYSTRIKE;
				INFOPLIST_KEY_UIApplicationSupportsIndirectInputEvents = YES;
				INFOPLIST_KEY_UILaunchStoryboardName = LaunchScreen;
				INFOPLIST_KEY_UIMainStoryboardFile = Main;
				INFOPLIST_KEY_UIStatusBarHidden = YES;
				INFOPLIST_KEY_UISupportedInterfaceOrientations = "UIInterfaceOrientationLandscapeLeft UIInterfaceOrientationLandscapeRight";
				INFOPLIST_KEY_UISupportedInterfaceOrientations_iPad = "UIInterfaceOrientationLandscapeLeft UIInterfaceOrientationLandscapeRight UIInterfaceOrientationPortrait UIInterfaceOrientationPortraitUpsideDown";
				LD_RUNPATH_SEARCH_PATHS = (
					"$(inherited)",
					"@executable_path/Frameworks",
				);
				MARKETING_VERSION = 1.0;
				PRODUCT_BUNDLE_IDENTIFIER = evan.com.Polystrike;
				PRODUCT_NAME = "$(TARGET_NAME)";
				SWIFT_EMIT_LOC_STRINGS = YES;
				SWIFT_VERSION = 5.0;
				TARGETED_DEVICE_FAMILY = "1,2";
			};
			name = Release;
		};
		4CDC4004305054A100D21F08 /* Debug */ = {
			isa = XCBuildConfiguration;
			buildSettings = {
				BUNDLE_LOADER = "$(TEST_HOST)";
				CODE_SIGN_STYLE = Automatic;
				CURRENT_PROJECT_VERSION = 1;
				GENERATE_INFOPLIST_FILE = YES;
				IPHONEOS_DEPLOYMENT_TARGET = 18.5;
				MARKETING_VERSION = 1.0;
				PRODUCT_BUNDLE_IDENTIFIER = evan.com.PolystrikeTests;
				PRODUCT_NAME = "$(TARGET_NAME)";
				SWIFT_EMIT_LOC_STRINGS = NO;
				SWIFT_VERSION = 5.0;
				TARGETED_DEVICE_FAMILY = "1,2";
				TEST_HOST = "$(BUILT_PRODUCTS_DIR)/Polystrike.app/$(BUNDLE_EXECUTABLE_FOLDER_PATH)/Polystrike";
			};
			name = Debug;
		};
		4CDC4005305054A100D21F08 /* Release */ = {
			isa = XCBuildConfiguration;
			buildSettings = {
				BUNDLE_LOADER = "$(TEST_HOST)";
				CODE_SIGN_STYLE = Automatic;
				CURRENT_PROJECT_VERSION = 1;
				GENERATE_INFOPLIST_FILE = YES;
				IPHONEOS_DEPLOYMENT_TARGET = 18.5;
				MARKETING_VERSION = 1.0;
				PRODUCT_BUNDLE_IDENTIFIER = evan.com.PolystrikeTests;
				PRODUCT_NAME = "$(TARGET_NAME)";
				SWIFT_EMIT_LOC_STRINGS = NO;
				SWIFT_VERSION = 5.0;
				TARGETED_DEVICE_FAMILY = "1,2";
				TEST_HOST = "$(BUILT_PRODUCTS_DIR)/Polystrike.app/$(BUNDLE_EXECUTABLE_FOLDER_PATH)/Polystrike";
			};
			name = Release;
		};
		4CDC4007305054A100D21F08 /* Debug */ = {
			isa = XCBuildConfiguration;
			buildSettings = {
				CODE_SIGN_STYLE = Automatic;
				CURRENT_PROJECT_VERSION = 1;
				GENERATE_INFOPLIST_FILE = YES;
				MARKETING_VERSION = 1.0;
				PRODUCT_BUNDLE_IDENTIFIER = evan.com.PolystrikeUITests;
				PRODUCT_NAME = "$(TARGET_NAME)";
				SWIFT_EMIT_LOC_STRINGS = NO;
				SWIFT_VERSION = 5.0;
				TARGETED_DEVICE_FAMILY = "1,2";
				TEST_TARGET_NAME = Polystrike;
			};
			name = Debug;
		};
		4CDC4008305054A100D21F08 /* Release */ = {
			isa = XCBuildConfiguration;
			buildSettings = {
				CODE_SIGN_STYLE = Automatic;
				CURRENT_PROJECT_VERSION = 1;
				GENERATE_INFOPLIST_FILE = YES;
				MARKETING_VERSION = 1.0;
				PRODUCT_BUNDLE_IDENTIFIER = evan.com.PolystrikeUITests;
				PRODUCT_NAME = "$(TARGET_NAME)";
				SWIFT_EMIT_LOC_STRINGS = NO;
				SWIFT_VERSION = 5.0;
				TARGETED_DEVICE_FAMILY = "1,2";
				TEST_TARGET_NAME = Polystrike;
			};
			name = Release;
		};
/* End XCBuildConfiguration section */

/* Begin XCConfigurationList section */
		4CDC3FCE3050549F00D21F08 /* Build configuration list for PBXProject "Polystrike" */ = {
			isa = XCConfigurationList;
			buildConfigurations = (
				4CDC3FFE305054A100D21F08 /* Debug */,
				4CDC3FFF305054A100D21F08 /* Release */,
			);
			defaultConfigurationIsVisible = 0;
			defaultConfigurationName = Release;
		};
		4CDC4000305054A100D21F08 /* Build configuration list for PBXNativeTarget "Polystrike" */ = {
			isa = XCConfigurationList;
			buildConfigurations = (
				4CDC4001305054A100D21F08 /* Debug */,
				4CDC4002305054A100D21F08 /* Release */,
			);
			defaultConfigurationIsVisible = 0;
			defaultConfigurationName = Release;
		};
		4CDC4003305054A100D21F08 /* Build configuration list for PBXNativeTarget "PolystrikeTests" */ = {
			isa = XCConfigurationList;
			buildConfigurations = (
				4CDC4004305054A100D21F08 /* Debug */,
				4CDC4005305054A100D21F08 /* Release */,
			);
			defaultConfigurationIsVisible = 0;
			defaultConfigurationName = Release;
		};
		4CDC4006305054A100D21F08 /* Build configuration list for PBXNativeTarget "PolystrikeUITests" */ = {
			isa = XCConfigurationList;
			buildConfigurations = (
				4CDC4007305054A100D21F08 /* Debug */,
				4CDC4008305054A100D21F08 /* Release */,
			);
			defaultConfigurationIsVisible = 0;
			defaultConfigurationName = Release;
		};
/* End XCConfigurationList section */

/* Begin XCRemoteSwiftPackageReference section */
		A10000000000000000000002 /* XCRemoteSwiftPackageReference "swift-package-manager-google-mobile-ads" */ = {
			isa = XCRemoteSwiftPackageReference;
			repositoryURL = "https://github.com/googleads/swift-package-manager-google-mobile-ads.git";
			requirement = {
				kind = upToNextMajorVersion;
				minimumVersion = 13.0.0;
			};
		};
/* End XCRemoteSwiftPackageReference section */

/* Begin XCSwiftPackageProductDependency section */
		A10000000000000000000003 /* GoogleMobileAds */ = {
			isa = XCSwiftPackageProductDependency;
			package = A10000000000000000000002 /* XCRemoteSwiftPackageReference "swift-package-manager-google-mobile-ads" */;
			productName = GoogleMobileAds;
		};
/* End XCSwiftPackageProductDependency section */
};
	rootObject = 4CDC3FCB3050549F00D21F08 /* Project object */;
}
